<?xml version="1.0" encoding="utf-8"?>
<Project ToolsVersion="4.0" xmlns="http://schemas.microsoft.com/developer/msbuild/2003">
  <ItemGroup>
    <Filter Include="Source Files">
      <UniqueIdentifier>{4FC737F1-C7A5-4376-A066-2A32D752A2FF}</UniqueIdentifier>
      <Extensions>cpp;c;cc;cxx;c++;cppm;ixx;def;odl;idl;hpj;bat;asm;asmx</Extensions>
    </Filter>
    <Filter Include="Header Files">
      <UniqueIdentifier>{93995380-89BD-4b04-88EB-625FBE52EBFB}</UniqueIdentifier>
      <Extensions>h;hh;hpp;hxx;h++;hm;inl;inc;ipp;xsd</Extensions>
    </Filter>
    <Filter Include="Resource Files">
      <UniqueIdentifier>{67DA6AB6-F800-4c08-8B7A-83BB121AAD01}</UniqueIdentifier>
      <Extensions>rc;ico;cur;bmp;dlg;rc2;rct;bin;rgs;gif;jpg;jpeg;jpe;resx;tiff;tif;png;wav;mfcribbon-ms</Extensions>
    </Filter>
  </ItemGroup>
  <ItemGroup>
    <ClCompile Include="src\engine\app.cpp">
      <Filter>Source Files</Filter>
    </ClCompile>
    <ClCompile Include="src\engine\engine.cpp">
      <Filter>Source Files</Filter>
    </ClCompile>
    <ClCompile Include="src\engine\sceneSerializer.cpp">
      <Filter>Source Files</Filter>
    </ClCompile>
    <ClCompile Include="src\engine\ui.cpp">
      <Filter>Source Files</Filter>
    </ClCompile>
    <ClCompile Include="src\engine\viewport.cpp">
      <Filter>Source Files</Filter>
    </ClCompile>
    <ClCompile Include="src\pipeline\brdfLut.cpp">
      <Filter>Source Files</Filter>
    </ClCompile>
    <ClCompile Include="src\pipeline\colorID.cpp">
      <Filter>Source Files</Filter>
    </ClCompile>
    <ClCompile Include="src\pipeline\envCubemapPipeline.cpp">
      <Filter>Source Files</Filter>
    </ClCompile>
    <ClCompile Include="src\pipeline\irradianceCubemap.cpp">
      <Filter>Source Files</Filter>
    </ClCompile>
    <ClCompile Include="src\pipeline\lineRender.cpp">
      <Filter>Source Files</Filter>
    </ClCompile>
    <ClCompile Include="src\pipeline\meshRender.cpp">
      <Filter>Source Files</Filter>
    </ClCompile>
    <ClCompile Include="src\pipeline\physicsDebug.cpp">
      <Filter>Source Files</Filter>
    </ClCompile>
    <ClCompile Include="src\pipeline\postProcess.cpp">
      <Filter>Source Files</Filter>
    </ClCompile>
    <ClCompile Include="src\pipeline\prefilteredCubemapPipeline.cpp">
      <Filter>Source Files</Filter>
    </ClCompile>
    <ClCompile Include="src\pipeline\shadowCubemapPipeline.cpp">
      <Filter>Source Files</Filter>
    </ClCompile>
    <ClCompile Include="src\pipeline\shadowMapPipeline.cpp">
      <Filter>Source Files</Filter>
    </ClCompile>
    <ClCompile Include="src\pipeline\skyboxRender.cpp">
      <Filter>Source Files</Filter>
    </ClCompile>
    <ClCompile Include="src\scene\camera.cpp">
      <Filter>Source Files</Filter>
    </ClCompile>
    <ClCompile Include="src\scene\cascadedShadowMap.cpp">
      <Filter>Source Files</Filter>
    </ClCompile>
    <ClCompile Include="src\scene\envCubemap.cpp">
      <Filter>Source Files</Filter>
    </ClCompile>
    <ClCompile Include="src\scene\grid.cpp">
      <Filter>Source Files</Filter>
    </ClCompile>
    <ClCompile Include="src\scene\id.cpp">
      <Filter>Source Files</Filter>
    </ClCompile>
    <ClCompile Include="src\scene\light.cpp">
      <Filter>Source Files</Filter>
    </ClCompile>
    <ClCompile Include="src\scene\mesh.cpp">
      <Filter>Source Files</Filter>
    </ClCompile>
    <ClCompile Include="src\scene\meshBase.cpp">
      <Filter>Source Files</Filter>
    </ClCompile>
    <ClCompile Include="src\scene\physics.cpp">
      <Filter>Source Files</Filter>
    </ClCompile>
    <ClCompile Include="src\scene\physicsDebugDrawer.cpp">
      <Filter>Source Files</Filter>
    </ClCompile>
    <ClCompile Include="src\scene\prefilteredCubemap.cpp">
      <Filter>Source Files</Filter>
    </ClCompile>
    <ClCompile Include="src\scene\scene.cpp">
      <Filter>Source Files</Filter>
    </ClCompile>
    <ClCompile Include="src\scene\shadowCubemap.cpp">
      <Filter>Source Files</Filter>
    </ClCompile>
    <ClCompile Include="src\scene\shadowMap.cpp">
      <Filter>Source Files</Filter>
    </ClCompile>
    <ClCompile Include="src\vulkan\buffer.cpp">
      <Filter>Source Files</Filter>
    </ClCompile>
    <ClCompile Include="src\vulkan\command.cpp">
      <Filter>Source Files</Filter>
    </ClCompile>
    <ClCompile Include="src\vulkan\cubemap.cpp">
      <Filter>Source Files</Filter>
    </ClCompile>
    <ClCompile Include="src\vulkan\debugMessenger.cpp">
      <Filter>Source Files</Filter>
    </ClCompile>
    <ClCompile Include="src\vulkan\descriptor.cpp">
      <Filter>Source Files</Filter>
    </ClCompile>
    <ClCompile Include="src\vulkan\device.cpp">
      <Filter>Source Files</Filter>
    </ClCompile>
    <ClCompile Include="src\vulkan\image.cpp">
      <Filter>Source Files</Filter>
    </ClCompile>
    <ClCompile Include="src\vulkan\instance.cpp">
      <Filter>Source Files</Filter>
    </ClCompile>
    <ClCompile Include="src\vulkan\memory.cpp">
      <Filter>Source Files</Filter>
    </ClCompile>
    <ClCompile Include="src\vulkan\pipeline.cpp">
      <Filter>Source Files</Filter>
    </ClCompile>
    <ClCompile Include="src\vulkan\shader.cpp">
      <Filter>Source Files</Filter>
    </ClCompile>
    <ClCompile Include="src\vulkan\swapchain.cpp">
      <Filter>Source Files</Filter>
    </ClCompile>
    <ClCompile Include="src\vulkan\sync.cpp">
      <Filter>Source Files</Filter>
    </ClCompile>
    <ClCompile Include="src\common.cpp">
      <Filter>Source Files</Filter>
    </ClCompile>
    <ClCompile Include="src\main.cpp">
      <Filter>Source Files</Filter>
    </ClCompile>
    <ClCompile Include="src\window.cpp">
      <Filter>Source Files</Filter>
    </ClCompile>
    <ClCompile Include="shader.cpp">
      <Filter>Source Files</Filter>
    </ClCompile>
  </ItemGroup>
  <ItemGroup>
    <ClInclude Include="src\engine\app.h">
      <Filter>Header Files</Filter>
    </ClInclude>
    <ClInclude Include="src\engine\engine.h">
      <Filter>Header Files</Filter>
    </ClInclude>
    <ClInclude Include="src\engine\sceneSerializer.h">
      <Filter>Header Files</Filter>
    </ClInclude>
    <ClInclude Include="src\engine\ui.h">
      <Filter>Header Files</Filter>
    </ClInclude>
    <ClInclude Include="src\engine\viewport.h">
      <Filter>Header Files</Filter>
    </ClInclude>
    <ClInclude Include="src\pipeline\brdfLut.h">
      <Filter>Header Files</Filter>
    </ClInclude>
    <ClInclude Include="src\pipeline\colorID.h">
      <Filter>Header Files</Filter>
    </ClInclude>
    <ClInclude Include="src\pipeline\envCubemapPipeline.h">
      <Filter>Header Files</Filter>
    </ClInclude>
    <ClInclude Include="src\pipeline\irradianceCubemap.h">
      <Filter>Header Files</Filter>
    </ClInclude>
    <ClInclude Include="src\pipeline\lineRender.h">
      <Filter>Header Files</Filter>
    </ClInclude>
    <ClInclude Include="src\pipeline\meshRender.h">
      <Filter>Header Files</Filter>
    </ClInclude>
    <ClInclude Include="src\pipeline\physicsDebug.h">
      <Filter>Header Files</Filter>
    </ClInclude>
    <ClInclude Include="src\pipeline\postProcess.h">
      <Filter>Header Files</Filter>
    </ClInclude>
    <ClInclude Include="src\pipeline\prefilteredCubemapPipeline.h">
      <Filter>Header Files</Filter>
    </ClInclude>
    <ClInclude Include="src\pipeline\shadowCubemapPipeline.h">
      <Filter>Header Files</Filter>
    </ClInclude>
    <ClInclude Include="src\pipeline\shadowMapPipeline.h">
      <Filter>Header Files</Filter>
    </ClInclude>
    <ClInclude Include="src\pipeline\skyboxRender.h">
      <Filter>Header Files</Filter>
    </ClInclude>
    <ClInclude Include="src\scene\camera.h">
      <Filter>Header Files</Filter>
    </ClInclude>
    <ClInclude Include="src\scene\cascadedShadowMap.h">
      <Filter>Header Files</Filter>
    </ClInclude>
    <ClInclude Include="src\scene\envCubemap.h">
      <Filter>Header Files</Filter>
    </ClInclude>
    <ClInclude Include="src\scene\grid.h">
      <Filter>Header Files</Filter>
    </ClInclude>
    <ClInclude Include="src\scene\id.h">
      <Filter>Header Files</Filter>
    </ClInclude>
    <ClInclude Include="src\scene\light.h">
      <Filter>Header Files</Filter>
    </ClInclude>
    <ClInclude Include="src\scene\line.h">
      <Filter>Header Files</Filter>
    </ClInclude>
    <ClInclude Include="src\scene\mesh.h">
      <Filter>Header Files</Filter>
    </ClInclude>
    <ClInclude Include="src\scene\meshBase.h">
      <Filter>Header Files</Filter>
    </ClInclude>
    <ClInclude Include="src\scene\physics.h">
      <Filter>Header Files</Filter>
    </ClInclude>
    <ClInclude Include="src\scene\physicsDebugDrawer.h">
      <Filter>Header Files</Filter>
    </ClInclude>
    <ClInclude Include="src\scene\prefilteredCubemap.h">
      <Filter>Header Files</Filter>
    </ClInclude>
    <ClInclude Include="src\scene\scene.h">
      <Filter>Header Files</Filter>
    </ClInclude>
    <ClInclude Include="src\scene\shadowCubemap.h">
      <Filter>Header Files</Filter>
    </ClInclude>
    <ClInclude Include="src\scene\shadowMap.h">
      <Filter>Header Files</Filter>
    </ClInclude>
    <ClInclude Include="src\vulkan\buffer.h">
      <Filter>Header Files</Filter>
    </ClInclude>
    <ClInclude Include="src\vulkan\command.h">
      <Filter>Header Files</Filter>
    </ClInclude>
    <ClInclude Include="src\vulkan\cubemap.h">
      <Filter>Header Files</Filter>
    </ClInclude>
    <ClInclude Include="src\vulkan\debugMessenger.h">
      <Filter>Header Files</Filter>
    </ClInclude>
    <ClInclude Include="src\vulkan\descriptor.h">
      <Filter>Header Files</Filter>
    </ClInclude>
    <ClInclude Include="src\vulkan\device.h">
      <Filter>Header Files</Filter>
    </ClInclude>
    <ClInclude Include="src\vulkan\image.h">
      <Filter>Header Files</Filter>
    </ClInclude>
    <ClInclude Include="src\vulkan\instance.h">
      <Filter>Header Files</Filter>
    </ClInclude>
    <ClInclude Include="src\vulkan\memory.h">
      <Filter>Header Files</Filter>
    </ClInclude>
    <ClInclude Include="src\vulkan\pipeline.h">
      <Filter>Header Files</Filter>
    </ClInclude>
    <ClInclude Include="src\vulkan\shader.h">
      <Filter>Header Files</Filter>
    </ClInclude>
    <ClInclude Include="src\vulkan\swapchain.h">
      <Filter>Header Files</Filter>
    </ClInclude>
    <ClInclude Include="src\vulkan\sync.h">
      <Filter>Header Files</Filter>
    </ClInclude>
    <ClInclude Include="src\common.h">
      <Filter>Header Files</Filter>
    </ClInclude>
    <ClInclude Include="src\enum.h">
      <Filter>Header Files</Filter>
    </ClInclude>
    <ClInclude Include="src\keycode.h">
      <Filter>Header Files</Filter>
    </ClInclude>
    <ClInclude Include="src\path.h">
      <Filter>Header Files</Filter>
    </ClInclude>
    <ClInclude Include="src\time.h">
      <Filter>Header Files</Filter>
    </ClInclude>
    <ClInclude Include="src\window.h">
      <Filter>Header Files</Filter>
    </ClInclude>
  </ItemGroup>
  <ItemGroup>
    <Text Include="CMakeLists.txt" />
  </ItemGroup>
  <ItemGroup>
    <None Include="shader\base.frag" />
    <None Include="shader\base.vert" />
    <None Include="shader\brdflut.frag" />
    <None Include="shader\brdflut.vert" />
    <None Include="shader\colorID.frag" />
    <None Include="shader\colorID.vert" />
    <None Include="shader\common.glsl" />
    <None Include="shader\dirlightshadow.frag" />
    <None Include="shader\dirlightshadow.vert" />
    <None Include="shader\environment.frag" />
    <None Include="shader\environment.vert" />
    <None Include="shader\irradiance.frag" />
    <None Include="shader\irradiance.vert" />
    <None Include="shader\lineRender.frag" />
    <None Include="shader\lineRender.vert" />
    <None Include="shader\pbr.glsl" />
    <None Include="shader\physicsDebug.frag" />
    <None Include="shader\physicsDebug.vert" />
    <None Include="shader\pointlightshadow.frag" />
    <None Include="shader\pointlightshadow.vert" />
    <None Include="shader\postProcess.frag" />
    <None Include="shader\postProcess.vert" />
    <None Include="shader\prefilter.frag" />
    <None Include="shader\prefilter.vert" />
    <None Include="shader\skybox.frag" />
    <None Include="shader\skybox.vert" />
  </ItemGroup>
  <ItemGroup>
    <Image Include="image\icon\camera.png">
      <Filter>Resource Files</Filter>
    </Image>
    <Image Include="image\icon\cube.png">
      <Filter>Resource Files</Filter>
    </Image>
    <Image Include="image\icon\light.png">
      <Filter>Resource Files</Filter>
    </Image>
    <Image Include="image\icon\lightbulb.png">
      <Filter>Resource Files</Filter>
    </Image>
    <Image Include="image\icon\no_camera.png">
      <Filter>Resource Files</Filter>
    </Image>
    <Image Include="image\icon\play.png">
      <Filter>Resource Files</Filter>
    </Image>
    <Image Include="image\icon\plus.png">
      <Filter>Resource Files</Filter>
    </Image>
    <Image Include="image\icon\stop.png">
      <Filter>Resource Files</Filter>
    </Image>
  </ItemGroup>
</Project>